
Microsoft Visual Studio Solution File, Format Version 12.00
# Visual Studio 15
VisualStudioVersion = 15.0.26430.6
MinimumVisualStudioVersion = 10.0.40219.1
Project("{2150E333-8FDC-42A3-9474-1A3956D46DE8}") = "src", "src", "{C20B33E4-5D24-47CC-973A-422C09B7F2B9}"
EndProject
Project("{2150E333-8FDC-42A3-9474-1A3956D46DE8}") = "Solution Items", "Solution Items", "{4A3F60D8-1B53-4EA7-9B1E-30BE3E519DE5}"
EndProject
Project("{9A19103F-16F7-4668-BE54-9A1E7A4F7556}") = "Minion.Core", "src\Minion.Core\Minion.Core.csproj", "{780C55ED-49EB-4865-9533-42338F442136}"
EndProject
Project("{9A19103F-16F7-4668-BE54-9A1E7A4F7556}") = "Minion.Inject", "src\Minion.Inject\Minion.Inject.csproj", "{AD3B0E6B-B655-4EB7-A6EC-7153F9ED42A5}"
EndProject
Project("{9A19103F-16F7-4668-BE54-9A1E7A4F7556}") = "Minion.Web", "src\Minion.Web\Minion.Web.csproj", "{6544461F-50B7-43A8-A173-D47B9C389D53}"
EndProject
Project("{2150E333-8FDC-42A3-9474-1A3956D46DE8}") = "test", "test", "{C4357423-3025-468C-9997-FC464241C661}"
EndProject
Project("{9A19103F-16F7-4668-BE54-9A1E7A4F7556}") = "Minion.Inject.Tests", "test\Minion.Inject.Tests\Minion.Inject.Tests.csproj", "{753EE176-8609-42B2-BDCF-974F4453F0E7}"
EndProject
Project("{9A19103F-16F7-4668-BE54-9A1E7A4F7556}") = "Minion.Rules", "src\Minion.Rules\Minion.Rules.csproj", "{C4ECA5A1-7902-4CC5-8C9D-7D20234B8DD6}"
EndProject
Project("{FAE04EC0-301F-11D3-BF4B-00C04F79EFBC}") = "Minion.CP.Abstraction", "src\Minion.CP.Abstraction\Minion.CP.Abstraction.csproj", "{0BB51F8A-916B-4E07-9E19-B5C448665586}"
EndProject
Global
	GlobalSection(SolutionConfigurationPlatforms) = preSolution
		Debug|Any CPU = Debug|Any CPU
		Release|Any CPU = Release|Any CPU
	EndGlobalSection
	GlobalSection(ProjectConfigurationPlatforms) = postSolution
		{780C55ED-49EB-4865-9533-42338F442136}.Debug|Any CPU.ActiveCfg = Debug|Any CPU
		{780C55ED-49EB-4865-9533-42338F442136}.Debug|Any CPU.Build.0 = Debug|Any CPU
		{780C55ED-49EB-4865-9533-42338F442136}.Release|Any CPU.ActiveCfg = Release|Any CPU
		{780C55ED-49EB-4865-9533-42338F442136}.Release|Any CPU.Build.0 = Release|Any CPU
		{AD3B0E6B-B655-4EB7-A6EC-7153F9ED42A5}.Debug|Any CPU.ActiveCfg = Debug|Any CPU
		{AD3B0E6B-B655-4EB7-A6EC-7153F9ED42A5}.Debug|Any CPU.Build.0 = Debug|Any CPU
		{AD3B0E6B-B655-4EB7-A6EC-7153F9ED42A5}.Release|Any CPU.ActiveCfg = Release|Any CPU
		{AD3B0E6B-B655-4EB7-A6EC-7153F9ED42A5}.Release|Any CPU.Build.0 = Release|Any CPU
		{6544461F-50B7-43A8-A173-D47B9C389D53}.Debug|Any CPU.ActiveCfg = Debug|Any CPU
		{6544461F-50B7-43A8-A173-D47B9C389D53}.Debug|Any CPU.Build.0 = Debug|Any CPU
		{6544461F-50B7-43A8-A173-D47B9C389D53}.Release|Any CPU.ActiveCfg = Release|Any CPU
		{6544461F-50B7-43A8-A173-D47B9C389D53}.Release|Any CPU.Build.0 = Release|Any CPU
		{753EE176-8609-42B2-BDCF-974F4453F0E7}.Debug|Any CPU.ActiveCfg = Debug|Any CPU
		{753EE176-8609-42B2-BDCF-974F4453F0E7}.Debug|Any CPU.Build.0 = Debug|Any CPU
		{753EE176-8609-42B2-BDCF-974F4453F0E7}.Release|Any CPU.ActiveCfg = Release|Any CPU
		{753EE176-8609-42B2-BDCF-974F4453F0E7}.Release|Any CPU.Build.0 = Release|Any CPU
		{C4ECA5A1-7902-4CC5-8C9D-7D20234B8DD6}.Debug|Any CPU.ActiveCfg = Debug|Any CPU
		{C4ECA5A1-7902-4CC5-8C9D-7D20234B8DD6}.Debug|Any CPU.Build.0 = Debug|Any CPU
		{C4ECA5A1-7902-4CC5-8C9D-7D20234B8DD6}.Release|Any CPU.ActiveCfg = Release|Any CPU
		{C4ECA5A1-7902-4CC5-8C9D-7D20234B8DD6}.Release|Any CPU.Build.0 = Release|Any CPU
		{0BB51F8A-916B-4E07-9E19-B5C448665586}.Debug|Any CPU.ActiveCfg = Debug|Any CPU
		{0BB51F8A-916B-4E07-9E19-B5C448665586}.Debug|Any CPU.Build.0 = Debug|Any CPU
		{0BB51F8A-916B-4E07-9E19-B5C448665586}.Release|Any CPU.ActiveCfg = Release|Any CPU
		{0BB51F8A-916B-4E07-9E19-B5C448665586}.Release|Any CPU.Build.0 = Release|Any CPU
	EndGlobalSection
	GlobalSection(SolutionProperties) = preSolution
		HideSolutionNode = FALSE
	EndGlobalSection
	GlobalSection(NestedProjects) = preSolution
		{780C55ED-49EB-4865-9533-42338F442136} = {C20B33E4-5D24-47CC-973A-422C09B7F2B9}
		{AD3B0E6B-B655-4EB7-A6EC-7153F9ED42A5} = {C20B33E4-5D24-47CC-973A-422C09B7F2B9}
		{6544461F-50B7-43A8-A173-D47B9C389D53} = {C20B33E4-5D24-47CC-973A-422C09B7F2B9}
		{753EE176-8609-42B2-BDCF-974F4453F0E7} = {C4357423-3025-468C-9997-FC464241C661}
		{C4ECA5A1-7902-4CC5-8C9D-7D20234B8DD6} = {C20B33E4-5D24-47CC-973A-422C09B7F2B9}
		{0BB51F8A-916B-4E07-9E19-B5C448665586} = {C20B33E4-5D24-47CC-973A-422C09B7F2B9}
	EndGlobalSection
	GlobalSection(ExtensibilityGlobals) = postSolution
		SolutionGuid = {42B96592-5C2D-4105-9E8A-E966B266A0D6}
	EndGlobalSection
EndGlobal
